
Microsoft Visual Studio Solution File, Format Version 12.00
# Visual Studio 14
VisualStudioVersion = 14.0.25420.1
MinimumVisualStudioVersion = 10.0.40219.1
Project("{FAE04EC0-301F-11D3-BF4B-00C04F79EFBC}") = "01.ClassSizeInCSharp", "01.ClassSizeInCSharp\01.ClassSizeInCSharp.csproj", "{0CF38F94-C8ED-4A00-B258-CE2C64A85BE0}"
EndProject
Project("{FAE04EC0-301F-11D3-BF4B-00C04F79EFBC}") = "02.MethodPrintStatisticsInCSharp", "02.MethodPrintStatisticsInCSharp\02.MethodPrintStatisticsInCSharp.csproj", "{0AF15088-9A69-4BBF-9EB3-E9A08539339F}"
EndProject
Global
	GlobalSection(SolutionConfigurationPlatforms) = preSolution
		Debug|Any CPU = Debug|Any CPU
		Release|Any CPU = Release|Any CPU
	EndGlobalSection
	GlobalSection(ProjectConfigurationPlatforms) = postSolution
		{0CF38F94-C8ED-4A00-B258-CE2C64A85BE0}.Debug|Any CPU.ActiveCfg = Debug|Any CPU
		{0CF38F94-C8ED-4A00-B258-CE2C64A85BE0}.Debug|Any CPU.Build.0 = Debug|Any CPU
		{0CF38F94-C8ED-4A00-B258-CE2C64A85BE0}.Release|Any CPU.ActiveCfg = Release|Any CPU
		{0CF38F94-C8ED-4A00-B258-CE2C64A85BE0}.Release|Any CPU.Build.0 = Release|Any CPU
		{0AF15088-9A69-4BBF-9EB3-E9A08539339F}.Debug|Any CPU.ActiveCfg = Debug|Any CPU
		{0AF15088-9A69-4BBF-9EB3-E9A08539339F}.Debug|Any CPU.Build.0 = Debug|Any CPU
		{0AF15088-9A69-4BBF-9EB3-E9A08539339F}.Release|Any CPU.ActiveCfg = Release|Any CPU
		{0AF15088-9A69-4BBF-9EB3-E9A08539339F}.Release|Any CPU.Build.0 = Release|Any CPU
	EndGlobalSection
	GlobalSection(SolutionProperties) = preSolution
		HideSolutionNode = FALSE
	EndGlobalSection
EndGlobal
